
Microsoft Visual Studio Solution File, Format Version 12.00
# Visual Studio Version 17
VisualStudioVersion = 17.5.002.0
MinimumVisualStudioVersion = 10.0.40219.1
Project("{9A19103F-16F7-4668-BE54-9A1E7A4F7556}") = "Editor_Implement", "Editor_Implement.csproj", "{5715F93D-84A4-425F-AF31-62C9D9D5D7E7}"
EndProject
Global
	GlobalSection(SolutionConfigurationPlatforms) = preSolution
		Debug|Any CPU = Debug|Any CPU
		Release|Any CPU = Release|Any CPU
	EndGlobalSection
	GlobalSection(ProjectConfigurationPlatforms) = postSolution
		{5715F93D-84A4-425F-AF31-62C9D9D5D7E7}.Debug|Any CPU.ActiveCfg = Debug|Any CPU
		{5715F93D-84A4-425F-AF31-62C9D9D5D7E7}.Debug|Any CPU.Build.0 = Debug|Any CPU
		{5715F93D-84A4-425F-AF31-62C9D9D5D7E7}.Release|Any CPU.ActiveCfg = Release|Any CPU
		{5715F93D-84A4-425F-AF31-62C9D9D5D7E7}.Release|Any CPU.Build.0 = Release|Any CPU
	EndGlobalSection
	GlobalSection(SolutionProperties) = preSolution
		HideSolutionNode = FALSE
	EndGlobalSection
	GlobalSection(ExtensibilityGlobals) = postSolution
		SolutionGuid = {7026B97B-68C0-4C9A-9EC4-B636C53E037C}
	EndGlobalSection
EndGlobal
