
Microsoft Visual Studio Solution File, Format Version 12.00
# Visual Studio Version 17
VisualStudioVersion = 17.5.002.0
MinimumVisualStudioVersion = 10.0.40219.1
Project("{9A19103F-16F7-4668-BE54-9A1E7A4F7556}") = "Form_Using_Helper", "Form_Using_Helper.csproj", "{BD6B7A34-3BCC-4DB9-8736-32BAA19449A1}"
EndProject
Global
	GlobalSection(SolutionConfigurationPlatforms) = preSolution
		Debug|Any CPU = Debug|Any CPU
		Release|Any CPU = Release|Any CPU
	EndGlobalSection
	GlobalSection(ProjectConfigurationPlatforms) = postSolution
		{BD6B7A34-3BCC-4DB9-8736-32BAA19449A1}.Debug|Any CPU.ActiveCfg = Debug|Any CPU
		{BD6B7A34-3BCC-4DB9-8736-32BAA19449A1}.Debug|Any CPU.Build.0 = Debug|Any CPU
		{BD6B7A34-3BCC-4DB9-8736-32BAA19449A1}.Release|Any CPU.ActiveCfg = Release|Any CPU
		{BD6B7A34-3BCC-4DB9-8736-32BAA19449A1}.Release|Any CPU.Build.0 = Release|Any CPU
	EndGlobalSection
	GlobalSection(SolutionProperties) = preSolution
		HideSolutionNode = FALSE
	EndGlobalSection
	GlobalSection(ExtensibilityGlobals) = postSolution
		SolutionGuid = {25C43AF4-BDD6-441C-AA49-099873C7718A}
	EndGlobalSection
EndGlobal
