
Microsoft Visual Studio Solution File, Format Version 12.00
# Visual Studio Version 17
VisualStudioVersion = 17.5.002.0
MinimumVisualStudioVersion = 10.0.40219.1
Project("{9A19103F-16F7-4668-BE54-9A1E7A4F7556}") = "Environment_Tag_Helper", "Environment_Tag_Helper.csproj", "{6A5D0937-07A6-4EEA-9FFC-B5DE8D2F4586}"
EndProject
Global
	GlobalSection(SolutionConfigurationPlatforms) = preSolution
		Debug|Any CPU = Debug|Any CPU
		Release|Any CPU = Release|Any CPU
	EndGlobalSection
	GlobalSection(ProjectConfigurationPlatforms) = postSolution
		{6A5D0937-07A6-4EEA-9FFC-B5DE8D2F4586}.Debug|Any CPU.ActiveCfg = Debug|Any CPU
		{6A5D0937-07A6-4EEA-9FFC-B5DE8D2F4586}.Debug|Any CPU.Build.0 = Debug|Any CPU
		{6A5D0937-07A6-4EEA-9FFC-B5DE8D2F4586}.Release|Any CPU.ActiveCfg = Release|Any CPU
		{6A5D0937-07A6-4EEA-9FFC-B5DE8D2F4586}.Release|Any CPU.Build.0 = Release|Any CPU
	EndGlobalSection
	GlobalSection(SolutionProperties) = preSolution
		HideSolutionNode = FALSE
	EndGlobalSection
	GlobalSection(ExtensibilityGlobals) = postSolution
		SolutionGuid = {B5C520C2-7A34-411A-ACE7-4CE37B4F2289}
	EndGlobalSection
EndGlobal
